
Microsoft Visual Studio Solution File, Format Version 12.00
# Visual Studio Version 17
VisualStudioVersion = 17.14.37216.2 d17.14
MinimumVisualStudioVersion = 10.0.40219.1
Project("{FAE04EC0-301F-11D3-BF4B-00C04F79EFBC}") = "AzureQeueue.Receiver", "AzureQeueue.Receiver.csproj", "{0EF909AF-6232-4D46-AB10-EA70FF71BB62}"
EndProject
Project("{FAE04EC0-301F-11D3-BF4B-00C04F79EFBC}") = "AzureQeueue.Sender", "..\AzureQeueue.Sender\AzureQeueue.Sender.csproj", "{37B2029B-BB37-40A2-BBE0-0604BF3E974F}"
EndProject
Global
	GlobalSection(SolutionConfigurationPlatforms) = preSolution
		Debug|Any CPU = Debug|Any CPU
		Release|Any CPU = Release|Any CPU
	EndGlobalSection
	GlobalSection(ProjectConfigurationPlatforms) = postSolution
		{0EF909AF-6232-4D46-AB10-EA70FF71BB62}.Debug|Any CPU.ActiveCfg = Debug|Any CPU
		{0EF909AF-6232-4D46-AB10-EA70FF71BB62}.Debug|Any CPU.Build.0 = Debug|Any CPU
		{0EF909AF-6232-4D46-AB10-EA70FF71BB62}.Release|Any CPU.ActiveCfg = Release|Any CPU
		{0EF909AF-6232-4D46-AB10-EA70FF71BB62}.Release|Any CPU.Build.0 = Release|Any CPU
		{37B2029B-BB37-40A2-BBE0-0604BF3E974F}.Debug|Any CPU.ActiveCfg = Debug|Any CPU
		{37B2029B-BB37-40A2-BBE0-0604BF3E974F}.Debug|Any CPU.Build.0 = Debug|Any CPU
		{37B2029B-BB37-40A2-BBE0-0604BF3E974F}.Release|Any CPU.ActiveCfg = Release|Any CPU
		{37B2029B-BB37-40A2-BBE0-0604BF3E974F}.Release|Any CPU.Build.0 = Release|Any CPU
	EndGlobalSection
	GlobalSection(SolutionProperties) = preSolution
		HideSolutionNode = FALSE
	EndGlobalSection
	GlobalSection(ExtensibilityGlobals) = postSolution
		SolutionGuid = {5214839A-9216-4D96-A4CE-38A979ABB321}
	EndGlobalSection
EndGlobal
